// !$*UTF8*$!
{
	archiveVersion = 1;
	classes = {
	};
	objectVersion = 51;
	objects = {

/* Begin PBXBuildFile section */
		6790AA946A6E4DE776C6D150 /* Pods_CurrencyExchange_CurrencyExchangeUITests.framework in Frameworks */ = {isa = PBXBuildFile; fileRef = 646DBAD6AB053108ADE1F2B5 /* Pods_CurrencyExchange_CurrencyExchangeUITests.framework */; };
		95DC8D1445A0FF245F02BEB7 /* Pods_CurrencyExchange.framework in Frameworks */ = {isa = PBXBuildFile; fileRef = BA99CE4355DDF2BC19F7A8A0 /* Pods_CurrencyExchange.framework */; };
		B486950E1256CFE73E2392A3 /* Pods_CurrencyExchangeTests.framework in Frameworks */ = {isa = PBXBuildFile; fileRef = 260200DBEF0F424F11306ECC /* Pods_CurrencyExchangeTests.framework */; };
		CB05EEEA2677DEF300570C78 /* AppDelegate.swift in Sources */ = {isa = PBXBuildFile; fileRef = CB05EEE92677DEF300570C78 /* AppDelegate.swift */; };
		CB05EEEC2677DEF300570C78 /* SceneDelegate.swift in Sources */ = {isa = PBXBuildFile; fileRef = CB05EEEB2677DEF300570C78 /* SceneDelegate.swift */; };
		CB05EEEE2677DEF300570C78 /* ViewController.swift in Sources */ = {isa = PBXBuildFile; fileRef = CB05EEED2677DEF300570C78 /* ViewController.swift */; };
		CB05EEF12677DEF300570C78 /* Main.storyboard in Resources */ = {isa = PBXBuildFile; fileRef = CB05EEEF2677DEF300570C78 /* Main.storyboard */; };
		CB05EEF32677DEF300570C78 /* Assets.xcassets in Resources */ = {isa = PBXBuildFile; fileRef = CB05EEF22677DEF300570C78 /* Assets.xcassets */; };
		CB05EEF62677DEF300570C78 /* LaunchScreen.storyboard in Resources */ = {isa = PBXBuildFile; fileRef = CB05EEF42677DEF300570C78 /* LaunchScreen.storyboard */; };
		CB05EF012677DEF400570C78 /* CurrencyExchangeTests.swift in Sources */ = {isa = PBXBuildFile; fileRef = CB05EF002677DEF400570C78 /* CurrencyExchangeTests.swift */; };
		CB05EF0C2677DEF400570C78 /* CurrencyExchangeUITests.swift in Sources */ = {isa = PBXBuildFile; fileRef = CB05EF0B2677DEF400570C78 /* CurrencyExchangeUITests.swift */; };
/* End PBXBuildFile section */

/* Begin PBXContainerItemProxy section */
		CB05EEFD2677DEF400570C78 /* PBXContainerItemProxy */ = {
			isa = PBXContainerItemProxy;
			containerPortal = CB05EEDE2677DEF300570C78 /* Project object */;
			proxyType = 1;
			remoteGlobalIDString = CB05EEE52677DEF300570C78;
			remoteInfo = CurrencyExchange;
		};
		CB05EF082677DEF400570C78 /* PBXContainerItemProxy */ = {
			isa = PBXContainerItemProxy;
			containerPortal = CB05EEDE2677DEF300570C78 /* Project object */;
			proxyType = 1;
			remoteGlobalIDString = CB05EEE52677DEF300570C78;
			remoteInfo = CurrencyExchange;
		};
/* End PBXContainerItemProxy section */

/* Begin PBXFileReference section */
		173C7E991ED970EA5206C5F5 /* Pods-CurrencyExchange.release.xcconfig */ = {isa = PBXFileReference; includeInIndex = 1; lastKnownFileType = text.xcconfig; name = "Pods-CurrencyExchange.release.xcconfig"; path = "Target Support Files/Pods-CurrencyExchange/Pods-CurrencyExchange.release.xcconfig"; sourceTree = "<group>"; };
		260200DBEF0F424F11306ECC /* Pods_CurrencyExchangeTests.framework */ = {isa = PBXFileReference; explicitFileType = wrapper.framework; includeInIndex = 0; path = Pods_CurrencyExchangeTests.framework; sourceTree = BUILT_PRODUCTS_DIR; };
		3666B2D4E0C6ECE20B1AED74 /* Pods-CurrencyExchange.debug.xcconfig */ = {isa = PBXFileReference; includeInIndex = 1; lastKnownFileType = text.xcconfig; name = "Pods-CurrencyExchange.debug.xcconfig"; path = "Target Support Files/Pods-CurrencyExchange/Pods-CurrencyExchange.debug.xcconfig"; sourceTree = "<group>"; };
		42436EEB6BA3201E71D521CD /* Pods-CurrencyExchange-CurrencyExchangeUITests.release.xcconfig */ = {isa = PBXFileReference; includeInIndex = 1; lastKnownFileType = text.xcconfig; name = "Pods-CurrencyExchange-CurrencyExchangeUITests.release.xcconfig"; path = "Target Support Files/Pods-CurrencyExchange-CurrencyExchangeUITests/Pods-CurrencyExchange-CurrencyExchangeUITests.release.xcconfig"; sourceTree = "<group>"; };
		646DBAD6AB053108ADE1F2B5 /* Pods_CurrencyExchange_CurrencyExchangeUITests.framework */ = {isa = PBXFileReference; explicitFileType = wrapper.framework; includeInIndex = 0; path = Pods_CurrencyExchange_CurrencyExchangeUITests.framework; sourceTree = BUILT_PRODUCTS_DIR; };
		7740256FB2CABD88CDFA0B7C /* Pods-CurrencyExchangeTests.debug.xcconfig */ = {isa = PBXFileReference; includeInIndex = 1; lastKnownFileType = text.xcconfig; name = "Pods-CurrencyExchangeTests.debug.xcconfig"; path = "Target Support Files/Pods-CurrencyExchangeTests/Pods-CurrencyExchangeTests.debug.xcconfig"; sourceTree = "<group>"; };
		8012837119A3EF46C50ABDD2 /* Pods-CurrencyExchangeTests.release.xcconfig */ = {isa = PBXFileReference; includeInIndex = 1; lastKnownFileType = text.xcconfig; name = "Pods-CurrencyExchangeTests.release.xcconfig"; path = "Target Support Files/Pods-CurrencyExchangeTests/Pods-CurrencyExchangeTests.release.xcconfig"; sourceTree = "<group>"; };
		BA99CE4355DDF2BC19F7A8A0 /* Pods_CurrencyExchange.framework */ = {isa = PBXFileReference; explicitFileType = wrapper.framework; includeInIndex = 0; path = Pods_CurrencyExchange.framework; sourceTree = BUILT_PRODUCTS_DIR; };
		CB05EEE62677DEF300570C78 /* CurrencyExchange.app */ = {isa = PBXFileReference; explicitFileType = wrapper.application; includeInIndex = 0; path = CurrencyExchange.app; sourceTree = BUILT_PRODUCTS_DIR; };
		CB05EEE92677DEF300570C78 /* AppDelegate.swift */ = {isa = PBXFileReference; lastKnownFileType = sourcecode.swift; path = AppDelegate.swift; sourceTree = "<group>"; };
		CB05EEEB2677DEF300570C78 /* SceneDelegate.swift */ = {isa = PBXFileReference; lastKnownFileType = sourcecode.swift; path = SceneDelegate.swift; sourceTree = "<group>"; };
		CB05EEED2677DEF300570C78 /* ViewController.swift */ = {isa = PBXFileReference; lastKnownFileType = sourcecode.swift; path = ViewController.swift; sourceTree = "<group>"; };
		CB05EEF02677DEF300570C78 /* Base */ = {isa = PBXFileReference; lastKnownFileType = file.storyboard; name = Base; path = Base.lproj/Main.storyboard; sourceTree = "<group>"; };
		CB05EEF22677DEF300570C78 /* Assets.xcassets */ = {isa = PBXFileReference; lastKnownFileType = folder.assetcatalog; path = Assets.xcassets; sourceTree = "<group>"; };
		CB05EEF52677DEF300570C78 /* Base */ = {isa = PBXFileReference; lastKnownFileType = file.storyboard; name = Base; path = Base.lproj/LaunchScreen.storyboard; sourceTree = "<group>"; };
		CB05EEF72677DEF300570C78 /* Info.plist */ = {isa = PBXFileReference; lastKnownFileType = text.plist.xml; path = Info.plist; sourceTree = "<group>"; };
		CB05EEFC2677DEF400570C78 /* CurrencyExchangeTests.xctest */ = {isa = PBXFileReference; explicitFileType = wrapper.cfbundle; includeInIndex = 0; path = CurrencyExchangeTests.xctest; sourceTree = BUILT_PRODUCTS_DIR; };
		CB05EF002677DEF400570C78 /* CurrencyExchangeTests.swift */ = {isa = PBXFileReference; lastKnownFileType = sourcecode.swift; path = CurrencyExchangeTests.swift; sourceTree = "<group>"; };
		CB05EF022677DEF400570C78 /* Info.plist */ = {isa = PBXFileReference; lastKnownFileType = text.plist.xml; path = Info.plist; sourceTree = "<group>"; };
		CB05EF072677DEF400570C78 /* CurrencyExchangeUITests.xctest */ = {isa = PBXFileReference; explicitFileType = wrapper.cfbundle; includeInIndex = 0; path = CurrencyExchangeUITests.xctest; sourceTree = BUILT_PRODUCTS_DIR; };
		CB05EF0B2677DEF400570C78 /* CurrencyExchangeUITests.swift */ = {isa = PBXFileReference; lastKnownFileType = sourcecode.swift; path = CurrencyExchangeUITests.swift; sourceTree = "<group>"; };
		CB05EF0D2677DEF400570C78 /* Info.plist */ = {isa = PBXFileReference; lastKnownFileType = text.plist.xml; path = Info.plist; sourceTree = "<group>"; };
		ED595A7AB7606F933E0375A5 /* Pods-CurrencyExchange-CurrencyExchangeUITests.debug.xcconfig */ = {isa = PBXFileReference; includeInIndex = 1; lastKnownFileType = text.xcconfig; name = "Pods-CurrencyExchange-CurrencyExchangeUITests.debug.xcconfig"; path = "Target Support Files/Pods-CurrencyExchange-CurrencyExchangeUITests/Pods-CurrencyExchange-CurrencyExchangeUITests.debug.xcconfig"; sourceTree = "<group>"; };
/* End PBXFileReference section */

/* Begin PBXFrameworksBuildPhase section */
		CB05EEE32677DEF300570C78 /* Frameworks */ = {
			isa = PBXFrameworksBuildPhase;
			buildActionMask = 2147483647;
			files = (
				95DC8D1445A0FF245F02BEB7 /* Pods_CurrencyExchange.framework in Frameworks */,
			);
			runOnlyForDeploymentPostprocessing = 0;
		};
		CB05EEF92677DEF400570C78 /* Frameworks */ = {
			isa = PBXFrameworksBuildPhase;
			buildActionMask = 2147483647;
			files = (
				B486950E1256CFE73E2392A3 /* Pods_CurrencyExchangeTests.framework in Frameworks */,
			);
			runOnlyForDeploymentPostprocessing = 0;
		};
		CB05EF042677DEF400570C78 /* Frameworks */ = {
			isa = PBXFrameworksBuildPhase;
			buildActionMask = 2147483647;
			files = (
				6790AA946A6E4DE776C6D150 /* Pods_CurrencyExchange_CurrencyExchangeUITests.framework in Frameworks */,
			);
			runOnlyForDeploymentPostprocessing = 0;
		};
/* End PBXFrameworksBuildPhase section */

/* Begin PBXGroup section */
		55FE0C819D01733FE09B8B6E /* Frameworks */ = {
			isa = PBXGroup;
			children = (
				BA99CE4355DDF2BC19F7A8A0 /* Pods_CurrencyExchange.framework */,
				646DBAD6AB053108ADE1F2B5 /* Pods_CurrencyExchange_CurrencyExchangeUITests.framework */,
				260200DBEF0F424F11306ECC /* Pods_CurrencyExchangeTests.framework */,
			);
			name = Frameworks;
			sourceTree = "<group>";
		};
		CB05EEDD2677DEF300570C78 = {
			isa = PBXGroup;
			children = (
				CB05EEE82677DEF300570C78 /* CurrencyExchange */,
				CB05EEFF2677DEF400570C78 /* CurrencyExchangeTests */,
				CB05EF0A2677DEF400570C78 /* CurrencyExchangeUITests */,
				CB05EEE72677DEF300570C78 /* Products */,
				CCB267D27E9E3C437835D097 /* Pods */,
				55FE0C819D01733FE09B8B6E /* Frameworks */,
			);
			sourceTree = "<group>";
		};
		CB05EEE72677DEF300570C78 /* Products */ = {
			isa = PBXGroup;
			children = (
				CB05EEE62677DEF300570C78 /* CurrencyExchange.app */,
				CB05EEFC2677DEF400570C78 /* CurrencyExchangeTests.xctest */,
				CB05EF072677DEF400570C78 /* CurrencyExchangeUITests.xctest */,
			);
			name = Products;
			sourceTree = "<group>";
		};
		CB05EEE82677DEF300570C78 /* CurrencyExchange */ = {
			isa = PBXGroup;
			children = (
				CB05EEE92677DEF300570C78 /* AppDelegate.swift */,
				CB05EEEB2677DEF300570C78 /* SceneDelegate.swift */,
				CB05EEED2677DEF300570C78 /* ViewController.swift */,
				CB05EEEF2677DEF300570C78 /* Main.storyboard */,
				CB05EEF22677DEF300570C78 /* Assets.xcassets */,
				CB05EEF42677DEF300570C78 /* LaunchScreen.storyboard */,
				CB05EEF72677DEF300570C78 /* Info.plist */,
			);
			path = CurrencyExchange;
			sourceTree = "<group>";
		};
		CB05EEFF2677DEF400570C78 /* CurrencyExchangeTests */ = {
			isa = PBXGroup;
			children = (
				CB05EF002677DEF400570C78 /* CurrencyExchangeTests.swift */,
				CB05EF022677DEF400570C78 /* Info.plist */,
			);
			path = CurrencyExchangeTests;
			sourceTree = "<group>";
		};
		CB05EF0A2677DEF400570C78 /* CurrencyExchangeUITests */ = {
			isa = PBXGroup;
			children = (
				CB05EF0B2677DEF400570C78 /* CurrencyExchangeUITests.swift */,
				CB05EF0D2677DEF400570C78 /* Info.plist */,
			);
			path = CurrencyExchangeUITests;
			sourceTree = "<group>";
		};
		CCB267D27E9E3C437835D097 /* Pods */ = {
			isa = PBXGroup;
			children = (
				3666B2D4E0C6ECE20B1AED74 /* Pods-CurrencyExchange.debug.xcconfig */,
				173C7E991ED970EA5206C5F5 /* Pods-CurrencyExchange.release.xcconfig */,
				ED595A7AB7606F933E0375A5 /* Pods-CurrencyExchange-CurrencyExchangeUITests.debug.xcconfig */,
				42436EEB6BA3201E71D521CD /* Pods-CurrencyExchange-CurrencyExchangeUITests.release.xcconfig */,
				7740256FB2CABD88CDFA0B7C /* Pods-CurrencyExchangeTests.debug.xcconfig */,
				8012837119A3EF46C50ABDD2 /* Pods-CurrencyExchangeTests.release.xcconfig */,
			);
			path = Pods;
			sourceTree = "<group>";
		};
/* End PBXGroup section */

/* Begin PBXNativeTarget section */
		CB05EEE52677DEF300570C78 /* CurrencyExchange */ = {
			isa = PBXNativeTarget;
			buildConfigurationList = CB05EF102677DEF400570C78 /* Build configuration list for PBXNativeTarget "CurrencyExchange" */;
			buildPhases = (
				64D96080265899B3B92B85EC /* [CP] Check Pods Manifest.lock */,
				CB05EEE22677DEF300570C78 /* Sources */,
				CB05EEE32677DEF300570C78 /* Frameworks */,
				CB05EEE42677DEF300570C78 /* Resources */,
				3E5586A9E6075725D758BAD8 /* [CP] Embed Pods Frameworks */,
			);
			buildRules = (
			);
			dependencies = (
			);
			name = CurrencyExchange;
			productName = CurrencyExchange;
			productReference = CB05EEE62677DEF300570C78 /* CurrencyExchange.app */;
			productType = "com.apple.product-type.application";
		};
		CB05EEFB2677DEF400570C78 /* CurrencyExchangeTests */ = {
			isa = PBXNativeTarget;
			buildConfigurationList = CB05EF132677DEF400570C78 /* Build configuration list for PBXNativeTarget "CurrencyExchangeTests" */;
			buildPhases = (
				9D412CD7824CD85F5D7B6C58 /* [CP] Check Pods Manifest.lock */,
				CB05EEF82677DEF400570C78 /* Sources */,
				CB05EEF92677DEF400570C78 /* Frameworks */,
				CB05EEFA2677DEF400570C78 /* Resources */,
			);
			buildRules = (
			);
			dependencies = (
				CB05EEFE2677DEF400570C78 /* PBXTargetDependency */,
			);
			name = CurrencyExchangeTests;
			productName = CurrencyExchangeTests;
			productReference = CB05EEFC2677DEF400570C78 /* CurrencyExchangeTests.xctest */;
			productType = "com.apple.product-type.bundle.unit-test";
		};
		CB05EF062677DEF400570C78 /* CurrencyExchangeUITests */ = {
			isa = PBXNativeTarget;
			buildConfigurationList = CB05EF162677DEF400570C78 /* Build configuration list for PBXNativeTarget "CurrencyExchangeUITests" */;
			buildPhases = (
				D06F48421074B8D2A2E7B7B4 /* [CP] Check Pods Manifest.lock */,
				CB05EF032677DEF400570C78 /* Sources */,
				CB05EF042677DEF400570C78 /* Frameworks */,
				CB05EF052677DEF400570C78 /* Resources */,
				6E4784D0E6A14871ECB260DD /* [CP] Embed Pods Frameworks */,
			);
			buildRules = (
			);
			dependencies = (
				CB05EF092677DEF400570C78 /* PBXTargetDependency */,
			);
			name = CurrencyExchangeUITests;
			productName = CurrencyExchangeUITests;
			productReference = CB05EF072677DEF400570C78 /* CurrencyExchangeUITests.xctest */;
			productType = "com.apple.product-type.bundle.ui-testing";
		};
/* End PBXNativeTarget section */

/* Begin PBXProject section */
		CB05EEDE2677DEF300570C78 /* Project object */ = {
			isa = PBXProject;
			attributes = {
				LastSwiftUpdateCheck = 1220;
				LastUpgradeCheck = 1220;
				TargetAttributes = {
					CB05EEE52677DEF300570C78 = {
						CreatedOnToolsVersion = 12.2;
					};
					CB05EEFB2677DEF400570C78 = {
						CreatedOnToolsVersion = 12.2;
						TestTargetID = CB05EEE52677DEF300570C78;
					};
					CB05EF062677DEF400570C78 = {
						CreatedOnToolsVersion = 12.2;
						TestTargetID = CB05EEE52677DEF300570C78;
					};
				};
			};
			buildConfigurationList = CB05EEE12677DEF300570C78 /* Build configuration list for PBXProject "CurrencyExchange" */;
			compatibilityVersion = "Xcode 9.3";
			developmentRegion = en;
			hasScannedForEncodings = 0;
			knownRegions = (
				en,
				Base,
			);
			mainGroup = CB05EEDD2677DEF300570C78;
			productRefGroup = CB05EEE72677DEF300570C78 /* Products */;
			projectDirPath = "";
			projectRoot = "";
			targets = (
				CB05EEE52677DEF300570C78 /* CurrencyExchange */,
				CB05EEFB2677DEF400570C78 /* CurrencyExchangeTests */,
				CB05EF062677DEF400570C78 /* CurrencyExchangeUITests */,
			);
		};
/* End PBXProject section */

/* Begin PBXResourcesBuildPhase section */
		CB05EEE42677DEF300570C78 /* Resources */ = {
			isa = PBXResourcesBuildPhase;
			buildActionMask = 2147483647;
			files = (
				CB05EEF62677DEF300570C78 /* LaunchScreen.storyboard in Resources */,
				CB05EEF32677DEF300570C78 /* Assets.xcassets in Resources */,
				CB05EEF12677DEF300570C78 /* Main.storyboard in Resources */,
			);
			runOnlyForDeploymentPostprocessing = 0;
		};
		CB05EEFA2677DEF400570C78 /* Resources */ = {
			isa = PBXResourcesBuildPhase;
			buildActionMask = 2147483647;
			files = (
			);
			runOnlyForDeploymentPostprocessing = 0;
		};
		CB05EF052677DEF400570C78 /* Resources */ = {
			isa = PBXResourcesBuildPhase;
			buildActionMask = 2147483647;
			files = (
			);
			runOnlyForDeploymentPostprocessing = 0;
		};
/* End PBXResourcesBuildPhase section */

/* Begin PBXShellScriptBuildPhase section */
		3E5586A9E6075725D758BAD8 /* [CP] Embed Pods Frameworks */ = {
			isa = PBXShellScriptBuildPhase;
			buildActionMask = 2147483647;
			files = (
			);
			inputFileListPaths = (
				"${PODS_ROOT}/Target Support Files/Pods-CurrencyExchange/Pods-CurrencyExchange-frameworks-${CONFIGURATION}-input-files.xcfilelist",
			);
			name = "[CP] Embed Pods Frameworks";
			outputFileListPaths = (
				"${PODS_ROOT}/Target Support Files/Pods-CurrencyExchange/Pods-CurrencyExchange-frameworks-${CONFIGURATION}-output-files.xcfilelist",
			);
			runOnlyForDeploymentPostprocessing = 0;
			shellPath = /bin/sh;
			shellScript = "\"${PODS_ROOT}/Target Support Files/Pods-CurrencyExchange/Pods-CurrencyExchange-frameworks.sh\"\n";
			showEnvVarsInLog = 0;
		};
		64D96080265899B3B92B85EC /* [CP] Check Pods Manifest.lock */ = {
			isa = PBXShellScriptBuildPhase;
			buildActionMask = 2147483647;
			files = (
			);
			inputFileListPaths = (
			);
			inputPaths = (
				"${PODS_PODFILE_DIR_PATH}/Podfile.lock",
				"${PODS_ROOT}/Manifest.lock",
			);
			name = "[CP] Check Pods Manifest.lock";
			outputFileListPaths = (
			);
			outputPaths = (
				"$(DERIVED_FILE_DIR)/Pods-CurrencyExchange-checkManifestLockResult.txt",
			);
			runOnlyForDeploymentPostprocessing = 0;
			shellPath = /bin/sh;
			shellScript = "diff \"${PODS_PODFILE_DIR_PATH}/Podfile.lock\" \"${PODS_ROOT}/Manifest.lock\" > /dev/null\nif [ $? != 0 ] ; then\n    # print error to STDERR\n    echo \"error: The sandbox is not in sync with the Podfile.lock. Run 'pod install' or update your CocoaPods installation.\" >&2\n    exit 1\nfi\n# This output is used by Xcode 'outputs' to avoid re-running this script phase.\necho \"SUCCESS\" > \"${SCRIPT_OUTPUT_FILE_0}\"\n";
			showEnvVarsInLog = 0;
		};
		6E4784D0E6A14871ECB260DD /* [CP] Embed Pods Frameworks */ = {
			isa = PBXShellScriptBuildPhase;
			buildActionMask = 2147483647;
			files = (
			);
			inputFileListPaths = (
				"${PODS_ROOT}/Target Support Files/Pods-CurrencyExchange-CurrencyExchangeUITests/Pods-CurrencyExchange-CurrencyExchangeUITests-frameworks-${CONFIGURATION}-input-files.xcfilelist",
			);
			name = "[CP] Embed Pods Frameworks";
			outputFileListPaths = (
				"${PODS_ROOT}/Target Support Files/Pods-CurrencyExchange-CurrencyExchangeUITests/Pods-CurrencyExchange-CurrencyExchangeUITests-frameworks-${CONFIGURATION}-output-files.xcfilelist",
			);
			runOnlyForDeploymentPostprocessing = 0;
			shellPath = /bin/sh;
			shellScript = "\"${PODS_ROOT}/Target Support Files/Pods-CurrencyExchange-CurrencyExchangeUITests/Pods-CurrencyExchange-CurrencyExchangeUITests-frameworks.sh\"\n";
			showEnvVarsInLog = 0;
		};
		9D412CD7824CD85F5D7B6C58 /* [CP] Check Pods Manifest.lock */ = {
			isa = PBXShellScriptBuildPhase;
			buildActionMask = 2147483647;
			files = (
			);
			inputFileListPaths = (
			);
			inputPaths = (
				"${PODS_PODFILE_DIR_PATH}/Podfile.lock",
				"${PODS_ROOT}/Manifest.lock",
			);
			name = "[CP] Check Pods Manifest.lock";
			outputFileListPaths = (
			);
			outputPaths = (
				"$(DERIVED_FILE_DIR)/Pods-CurrencyExchangeTests-checkManifestLockResult.txt",
			);
			runOnlyForDeploymentPostprocessing = 0;
			shellPath = /bin/sh;
			shellScript = "diff \"${PODS_PODFILE_DIR_PATH}/Podfile.lock\" \"${PODS_ROOT}/Manifest.lock\" > /dev/null\nif [ $? != 0 ] ; then\n    # print error to STDERR\n    echo \"error: The sandbox is not in sync with the Podfile.lock. Run 'pod install' or update your CocoaPods installation.\" >&2\n    exit 1\nfi\n# This output is used by Xcode 'outputs' to avoid re-running this script phase.\necho \"SUCCESS\" > \"${SCRIPT_OUTPUT_FILE_0}\"\n";
			showEnvVarsInLog = 0;
		};
		D06F48421074B8D2A2E7B7B4 /* [CP] Check Pods Manifest.lock */ = {
			isa = PBXShellScriptBuildPhase;
			buildActionMask = 2147483647;
			files = (
			);
			inputFileListPaths = (
			);
			inputPaths = (
				"${PODS_PODFILE_DIR_PATH}/Podfile.lock",
				"${PODS_ROOT}/Manifest.lock",
			);
			name = "[CP] Check Pods Manifest.lock";
			outputFileListPaths = (
			);
			outputPaths = (
				"$(DERIVED_FILE_DIR)/Pods-CurrencyExchange-CurrencyExchangeUITests-checkManifestLockResult.txt",
			);
			runOnlyForDeploymentPostprocessing = 0;
			shellPath = /bin/sh;
			shellScript = "diff \"${PODS_PODFILE_DIR_PATH}/Podfile.lock\" \"${PODS_ROOT}/Manifest.lock\" > /dev/null\nif [ $? != 0 ] ; then\n    # print error to STDERR\n    echo \"error: The sandbox is not in sync with the Podfile.lock. Run 'pod install' or update your CocoaPods installation.\" >&2\n    exit 1\nfi\n# This output is used by Xcode 'outputs' to avoid re-running this script phase.\necho \"SUCCESS\" > \"${SCRIPT_OUTPUT_FILE_0}\"\n";
			showEnvVarsInLog = 0;
		};
/* End PBXShellScriptBuildPhase section */

/* Begin PBXSourcesBuildPhase section */
		CB05EEE22677DEF300570C78 /* Sources */ = {
			isa = PBXSourcesBuildPhase;
			buildActionMask = 2147483647;
			files = (
				CB05EEEE2677DEF300570C78 /* ViewController.swift in Sources */,
				CB05EEEA2677DEF300570C78 /* AppDelegate.swift in Sources */,
				CB05EEEC2677DEF300570C78 /* SceneDelegate.swift in Sources */,
			);
			runOnlyForDeploymentPostprocessing = 0;
		};
		CB05EEF82677DEF400570C78 /* Sources */ = {
			isa = PBXSourcesBuildPhase;
			buildActionMask = 2147483647;
			files = (
				CB05EF012677DEF400570C78 /* CurrencyExchangeTests.swift in Sources */,
			);
			runOnlyForDeploymentPostprocessing = 0;
		};
		CB05EF032677DEF400570C78 /* Sources */ = {
			isa = PBXSourcesBuildPhase;
			buildActionMask = 2147483647;
			files = (
				CB05EF0C2677DEF400570C78 /* CurrencyExchangeUITests.swift in Sources */,
			);
			runOnlyForDeploymentPostprocessing = 0;
		};
/* End PBXSourcesBuildPhase section */

/* Begin PBXTargetDependency section */
		CB05EEFE2677DEF400570C78 /* PBXTargetDependency */ = {
			isa = PBXTargetDependency;
			target = CB05EEE52677DEF300570C78 /* CurrencyExchange */;
			targetProxy = CB05EEFD2677DEF400570C78 /* PBXContainerItemProxy */;
		};
		CB05EF092677DEF400570C78 /* PBXTargetDependency */ = {
			isa = PBXTargetDependency;
			target = CB05EEE52677DEF300570C78 /* CurrencyExchange */;
			targetProxy = CB05EF082677DEF400570C78 /* PBXContainerItemProxy */;
		};
/* End PBXTargetDependency section */

/* Begin PBXVariantGroup section */
		CB05EEEF2677DEF300570C78 /* Main.storyboard */ = {
			isa = PBXVariantGroup;
			children = (
				CB05EEF02677DEF300570C78 /* Base */,
			);
			name = Main.storyboard;
			sourceTree = "<group>";
		};
		CB05EEF42677DEF300570C78 /* LaunchScreen.storyboard */ = {
			isa = PBXVariantGroup;
			children = (
				CB05EEF52677DEF300570C78 /* Base */,
			);
			name = LaunchScreen.storyboard;
			sourceTree = "<group>";
		};
/* End PBXVariantGroup section */

/* Begin XCBuildConfiguration section */
		CB05EF0E2677DEF400570C78 /* Debug */ = {
			isa = XCBuildConfiguration;
			buildSettings = {
				ALWAYS_SEARCH_USER_PATHS = NO;
				CLANG_ANALYZER_NONNULL = YES;
				CLANG_ANALYZER_NUMBER_OBJECT_CONVERSION = YES_AGGRESSIVE;
				CLANG_CXX_LANGUAGE_STANDARD = "gnu++14";
				CLANG_CXX_LIBRARY = "libc++";
				CLANG_ENABLE_MODULES = YES;
				CLANG_ENABLE_OBJC_ARC = YES;
				CLANG_ENABLE_OBJC_WEAK = YES;
				CLANG_WARN_BLOCK_CAPTURE_AUTORELEASING = YES;
				CLANG_WARN_BOOL_CONVERSION = YES;
				CLANG_WARN_COMMA = YES;
				CLANG_WARN_CONSTANT_CONVERSION = YES;
				CLANG_WARN_DEPRECATED_OBJC_IMPLEMENTATIONS = YES;
				CLANG_WARN_DIRECT_OBJC_ISA_USAGE = YES_ERROR;
				CLANG_WARN_DOCUMENTATION_COMMENTS = YES;
				CLANG_WARN_EMPTY_BODY = YES;
				CLANG_WARN_ENUM_CONVERSION = YES;
				CLANG_WARN_INFINITE_RECURSION = YES;
				CLANG_WARN_INT_CONVERSION = YES;
				CLANG_WARN_NON_LITERAL_NULL_CONVERSION = YES;
				CLANG_WARN_OBJC_IMPLICIT_RETAIN_SELF = YES;
				CLANG_WARN_OBJC_LITERAL_CONVERSION = YES;
				CLANG_WARN_OBJC_ROOT_CLASS = YES_ERROR;
				CLANG_WARN_QUOTED_INCLUDE_IN_FRAMEWORK_HEADER = YES;
				CLANG_WARN_RANGE_LOOP_ANALYSIS = YES;
				CLANG_WARN_STRICT_PROTOTYPES = YES;
				CLANG_WARN_SUSPICIOUS_MOVE = YES;
				CLANG_WARN_UNGUARDED_AVAILABILITY = YES_AGGRESSIVE;
				CLANG_WARN_UNREACHABLE_CODE = YES;
				CLANG_WARN__DUPLICATE_METHOD_MATCH = YES;
				COPY_PHASE_STRIP = NO;
				DEBUG_INFORMATION_FORMAT = dwarf;
				ENABLE_STRICT_OBJC_MSGSEND = YES;
				ENABLE_TESTABILITY = YES;
				GCC_C_LANGUAGE_STANDARD = gnu11;
				GCC_DYNAMIC_NO_PIC = NO;
				GCC_NO_COMMON_BLOCKS = YES;
				GCC_OPTIMIZATION_LEVEL = 0;
				GCC_PREPROCESSOR_DEFINITIONS = (
					"DEBUG=1",
					"$(inherited)",
				);
				GCC_WARN_64_TO_32_BIT_CONVERSION = YES;
				GCC_WARN_ABOUT_RETURN_TYPE = YES_ERROR;
				GCC_WARN_UNDECLARED_SELECTOR = YES;
				GCC_WARN_UNINITIALIZED_AUTOS = YES_AGGRESSIVE;
				GCC_WARN_UNUSED_FUNCTION = YES;
				GCC_WARN_UNUSED_VARIABLE = YES;
				IPHONEOS_DEPLOYMENT_TARGET = 14.2;
				MTL_ENABLE_DEBUG_INFO = INCLUDE_SOURCE;
				MTL_FAST_MATH = YES;
				ONLY_ACTIVE_ARCH = YES;
				SDKROOT = iphoneos;
				SWIFT_ACTIVE_COMPILATION_CONDITIONS = DEBUG;
				SWIFT_OPTIMIZATION_LEVEL = "-Onone";
			};
			name = Debug;
		};
		CB05EF0F2677DEF400570C78 /* Release */ = {
			isa = XCBuildConfiguration;
			buildSettings = {
				ALWAYS_SEARCH_USER_PATHS = NO;
				CLANG_ANALYZER_NONNULL = YES;
				CLANG_ANALYZER_NUMBER_OBJECT_CONVERSION = YES_AGGRESSIVE;
				CLANG_CXX_LANGUAGE_STANDARD = "gnu++14";
				CLANG_CXX_LIBRARY = "libc++";
				CLANG_ENABLE_MODULES = YES;
				CLANG_ENABLE_OBJC_ARC = YES;
				CLANG_ENABLE_OBJC_WEAK = YES;
				CLANG_WARN_BLOCK_CAPTURE_AUTORELEASING = YES;
				CLANG_WARN_BOOL_CONVERSION = YES;
				CLANG_WARN_COMMA = YES;
				CLANG_WARN_CONSTANT_CONVERSION = YES;
				CLANG_WARN_DEPRECATED_OBJC_IMPLEMENTATIONS = YES;
				CLANG_WARN_DIRECT_OBJC_ISA_USAGE = YES_ERROR;
				CLANG_WARN_DOCUMENTATION_COMMENTS = YES;
				CLANG_WARN_EMPTY_BODY = YES;
				CLANG_WARN_ENUM_CONVERSION = YES;
				CLANG_WARN_INFINITE_RECURSION = YES;
				CLANG_WARN_INT_CONVERSION = YES;
				CLANG_WARN_NON_LITERAL_NULL_CONVERSION = YES;
				CLANG_WARN_OBJC_IMPLICIT_RETAIN_SELF = YES;
				CLANG_WARN_OBJC_LITERAL_CONVERSION = YES;
				CLANG_WARN_OBJC_ROOT_CLASS = YES_ERROR;
				CLANG_WARN_QUOTED_INCLUDE_IN_FRAMEWORK_HEADER = YES;
				CLANG_WARN_RANGE_LOOP_ANALYSIS = YES;
				CLANG_WARN_STRICT_PROTOTYPES = YES;
				CLANG_WARN_SUSPICIOUS_MOVE = YES;
				CLANG_WARN_UNGUARDED_AVAILABILITY = YES_AGGRESSIVE;
				CLANG_WARN_UNREACHABLE_CODE = YES;
				CLANG_WARN__DUPLICATE_METHOD_MATCH = YES;
				COPY_PHASE_STRIP = NO;
				DEBUG_INFORMATION_FORMAT = "dwarf-with-dsym";
				ENABLE_NS_ASSERTIONS = NO;
				ENABLE_STRICT_OBJC_MSGSEND = YES;
				GCC_C_LANGUAGE_STANDARD = gnu11;
				GCC_NO_COMMON_BLOCKS = YES;
				GCC_WARN_64_TO_32_BIT_CONVERSION = YES;
				GCC_WARN_ABOUT_RETURN_TYPE = YES_ERROR;
				GCC_WARN_UNDECLARED_SELECTOR = YES;
				GCC_WARN_UNINITIALIZED_AUTOS = YES_AGGRESSIVE;
				GCC_WARN_UNUSED_FUNCTION = YES;
				GCC_WARN_UNUSED_VARIABLE = YES;
				IPHONEOS_DEPLOYMENT_TARGET = 14.2;
				MTL_ENABLE_DEBUG_INFO = NO;
				MTL_FAST_MATH = YES;
				SDKROOT = iphoneos;
				SWIFT_COMPILATION_MODE = wholemodule;
				SWIFT_OPTIMIZATION_LEVEL = "-O";
				VALIDATE_PRODUCT = YES;
			};
			name = Release;
		};
		CB05EF112677DEF400570C78 /* Debug */ = {
			isa = XCBuildConfiguration;
			baseConfigurationReference = 3666B2D4E0C6ECE20B1AED74 /* Pods-CurrencyExchange.debug.xcconfig */;
			buildSettings = {
				ASSETCATALOG_COMPILER_APPICON_NAME = AppIcon;
				ASSETCATALOG_COMPILER_GLOBAL_ACCENT_COLOR_NAME = AccentColor;
				CODE_SIGN_STYLE = Automatic;
				DEVELOPMENT_TEAM = UHMT96MFTV;
				INFOPLIST_FILE = CurrencyExchange/Info.plist;
				LD_RUNPATH_SEARCH_PATHS = (
					"$(inherited)",
					"@executable_path/Frameworks",
				);
				PRODUCT_BUNDLE_IDENTIFIER = FaconX.CurrencyExchange;
				PRODUCT_NAME = "$(TARGET_NAME)";
				SWIFT_VERSION = 5.0;
				TARGETED_DEVICE_FAMILY = "1,2";
			};
			name = Debug;
		};
		CB05EF122677DEF400570C78 /* Release */ = {
			isa = XCBuildConfiguration;
			baseConfigurationReference = 173C7E991ED970EA5206C5F5 /* Pods-CurrencyExchange.release.xcconfig */;
			buildSettings = {
				ASSETCATALOG_COMPILER_APPICON_NAME = AppIcon;
				ASSETCATALOG_COMPILER_GLOBAL_ACCENT_COLOR_NAME = AccentColor;
				CODE_SIGN_STYLE = Automatic;
				DEVELOPMENT_TEAM = UHMT96MFTV;
				INFOPLIST_FILE = CurrencyExchange/Info.plist;
				LD_RUNPATH_SEARCH_PATHS = (
					"$(inherited)",
					"@executable_path/Frameworks",
				);
				PRODUCT_BUNDLE_IDENTIFIER = FaconX.CurrencyExchange;
				PRODUCT_NAME = "$(TARGET_NAME)";
				SWIFT_VERSION = 5.0;
				TARGETED_DEVICE_FAMILY = "1,2";
			};
			name = Release;
		};
		CB05EF142677DEF400570C78 /* Debug */ = {
			isa = XCBuildConfiguration;
			baseConfigurationReference = 7740256FB2CABD88CDFA0B7C /* Pods-CurrencyExchangeTests.debug.xcconfig */;
			buildSettings = {
				ALWAYS_EMBED_SWIFT_STANDARD_LIBRARIES = YES;
				BUNDLE_LOADER = "$(TEST_HOST)";
				CODE_SIGN_STYLE = Automatic;
				DEVELOPMENT_TEAM = UHMT96MFTV;
				INFOPLIST_FILE = CurrencyExchangeTests/Info.plist;
				IPHONEOS_DEPLOYMENT_TARGET = 14.2;
				LD_RUNPATH_SEARCH_PATHS = (
					"$(inherited)",
					"@executable_path/Frameworks",
					"@loader_path/Frameworks",
				);
				PRODUCT_BUNDLE_IDENTIFIER = FaconX.CurrencyExchangeTests;
				PRODUCT_NAME = "$(TARGET_NAME)";
				SWIFT_VERSION = 5.0;
				TARGETED_DEVICE_FAMILY = "1,2";
				TEST_HOST = "$(BUILT_PRODUCTS_DIR)/CurrencyExchange.app/CurrencyExchange";
			};
			name = Debug;
		};
		CB05EF152677DEF400570C78 /* Release */ = {
			isa = XCBuildConfiguration;
			baseConfigurationReference = 8012837119A3EF46C50ABDD2 /* Pods-CurrencyExchangeTests.release.xcconfig */;
			buildSettings = {
				ALWAYS_EMBED_SWIFT_STANDARD_LIBRARIES = YES;
				BUNDLE_LOADER = "$(TEST_HOST)";
				CODE_SIGN_STYLE = Automatic;
				DEVELOPMENT_TEAM = UHMT96MFTV;
				INFOPLIST_FILE = CurrencyExchangeTests/Info.plist;
				IPHONEOS_DEPLOYMENT_TARGET = 14.2;
				LD_RUNPATH_SEARCH_PATHS = (
					"$(inherited)",
					"@executable_path/Frameworks",
					"@loader_path/Frameworks",
				);
				PRODUCT_BUNDLE_IDENTIFIER = FaconX.CurrencyExchangeTests;
				PRODUCT_NAME = "$(TARGET_NAME)";
				SWIFT_VERSION = 5.0;
				TARGETED_DEVICE_FAMILY = "1,2";
				TEST_HOST = "$(BUILT_PRODUCTS_DIR)/CurrencyExchange.app/CurrencyExchange";
			};
			name = Release;
		};
		CB05EF172677DEF400570C78 /* Debug */ = {
			isa = XCBuildConfiguration;
			baseConfigurationReference = ED595A7AB7606F933E0375A5 /* Pods-CurrencyExchange-CurrencyExchangeUITests.debug.xcconfig */;
			buildSettings = {
				ALWAYS_EMBED_SWIFT_STANDARD_LIBRARIES = YES;
				CODE_SIGN_STYLE = Automatic;
				DEVELOPMENT_TEAM = UHMT96MFTV;
				INFOPLIST_FILE = CurrencyExchangeUITests/Info.plist;
				LD_RUNPATH_SEARCH_PATHS = (
					"$(inherited)",
					"@executable_path/Frameworks",
					"@loader_path/Frameworks",
				);
				PRODUCT_BUNDLE_IDENTIFIER = FaconX.CurrencyExchangeUITests;
				PRODUCT_NAME = "$(TARGET_NAME)";
				SWIFT_VERSION = 5.0;
				TARGETED_DEVICE_FAMILY = "1,2";
				TEST_TARGET_NAME = CurrencyExchange;
			};
			name = Debug;
		};
		CB05EF182677DEF400570C78 /* Release */ = {
			isa = XCBuildConfiguration;
			baseConfigurationReference = 42436EEB6BA3201E71D521CD /* Pods-CurrencyExchange-CurrencyExchangeUITests.release.xcconfig */;
			buildSettings = {
				ALWAYS_EMBED_SWIFT_STANDARD_LIBRARIES = YES;
				CODE_SIGN_STYLE = Automatic;
				DEVELOPMENT_TEAM = UHMT96MFTV;
				INFOPLIST_FILE = CurrencyExchangeUITests/Info.plist;
				LD_RUNPATH_SEARCH_PATHS = (
					"$(inherited)",
					"@executable_path/Frameworks",
					"@loader_path/Frameworks",
				);
				PRODUCT_BUNDLE_IDENTIFIER = FaconX.CurrencyExchangeUITests;
				PRODUCT_NAME = "$(TARGET_NAME)";
				SWIFT_VERSION = 5.0;
				TARGETED_DEVICE_FAMILY = "1,2";
				TEST_TARGET_NAME = CurrencyExchange;
			};
			name = Release;
		};
/* End XCBuildConfiguration section */

/* Begin XCConfigurationList section */
		CB05EEE12677DEF300570C78 /* Build configuration list for PBXProject "CurrencyExchange" */ = {
			isa = XCConfigurationList;
			buildConfigurations = (
				CB05EF0E2677DEF400570C78 /* Debug */,
				CB05EF0F2677DEF400570C78 /* Release */,
			);
			defaultConfigurationIsVisible = 0;
			defaultConfigurationName = Release;
		};
		CB05EF102677DEF400570C78 /* Build configuration list for PBXNativeTarget "CurrencyExchange" */ = {
			isa = XCConfigurationList;
			buildConfigurations = (
				CB05EF112677DEF400570C78 /* Debug */,
				CB05EF122677DEF400570C78 /* Release */,
			);
			defaultConfigurationIsVisible = 0;
			defaultConfigurationName = Release;
		};
		CB05EF132677DEF400570C78 /* Build configuration list for PBXNativeTarget "CurrencyExchangeTests" */ = {
			isa = XCConfigurationList;
			buildConfigurations = (
				CB05EF142677DEF400570C78 /* Debug */,
				CB05EF152677DEF400570C78 /* Release */,
			);
			defaultConfigurationIsVisible = 0;
			defaultConfigurationName = Release;
		};
		CB05EF162677DEF400570C78 /* Build configuration list for PBXNativeTarget "CurrencyExchangeUITests" */ = {
			isa = XCConfigurationList;
			buildConfigurations = (
				CB05EF172677DEF400570C78 /* Debug */,
				CB05EF182677DEF400570C78 /* Release */,
			);
			defaultConfigurationIsVisible = 0;
			defaultConfigurationName = Release;
		};
/* End XCConfigurationList section */
	};
	rootObject = CB05EEDE2677DEF300570C78 /* Project object */;
}
